// !$*UTF8*$!
{
	archiveVersion = 1;
	classes = {
	};
	objectVersion = 50;
	objects = {

/* Begin PBXBuildFile section */
		D537CF00245D15090020A38F /* InfoPlanetCollectionViewCells.swift in Sources */ = {isa = PBXBuildFile; fileRef = D537CEFF245D15090020A38F /* InfoPlanetCollectionViewCells.swift */; };
		D54DA98E23442D02000046B2 /* AppDelegate.swift in Sources */ = {isa = PBXBuildFile; fileRef = D54DA98D23442D02000046B2 /* AppDelegate.swift */; };
		D54DA99023442D02000046B2 /* HomeViewController.swift in Sources */ = {isa = PBXBuildFile; fileRef = D54DA98F23442D02000046B2 /* HomeViewController.swift */; };
		D54DA99323442D02000046B2 /* Main.storyboard in Resources */ = {isa = PBXBuildFile; fileRef = D54DA99123442D02000046B2 /* Main.storyboard */; };
		D54DA99523442D04000046B2 /* Assets.xcassets in Resources */ = {isa = PBXBuildFile; fileRef = D54DA99423442D04000046B2 /* Assets.xcassets */; };
		D54DA99823442D04000046B2 /* LaunchScreen.storyboard in Resources */ = {isa = PBXBuildFile; fileRef = D54DA99623442D04000046B2 /* LaunchScreen.storyboard */; };
		D55AA9D62454CAC200C6134C /* UILabel+extension.swift in Sources */ = {isa = PBXBuildFile; fileRef = D55AA9D52454CAC200C6134C /* UILabel+extension.swift */; };
		D566147923628C40006B9925 /* ThumbnailPlanet.swift in Sources */ = {isa = PBXBuildFile; fileRef = D566147823628C40006B9925 /* ThumbnailPlanet.swift */; };
		D566147B23628E28006B9925 /* Model.swift in Sources */ = {isa = PBXBuildFile; fileRef = D566147A23628E28006B9925 /* Model.swift */; };
		D58636DD246F291C00108C3E /* StartView.swift in Sources */ = {isa = PBXBuildFile; fileRef = D58636DC246F291C00108C3E /* StartView.swift */; };
		D58D724323DE780E0043CD22 /* CircularCollectionViewLayout.swift in Sources */ = {isa = PBXBuildFile; fileRef = D58D724223DE780E0043CD22 /* CircularCollectionViewLayout.swift */; };
		D58D724623DE79990043CD22 /* CGFloat+extension.swift in Sources */ = {isa = PBXBuildFile; fileRef = D58D724523DE79990043CD22 /* CGFloat+extension.swift */; };
		D58D724823DE80A00043CD22 /* ThumbnailPlanetCollectionViewCell.swift in Sources */ = {isa = PBXBuildFile; fileRef = D58D724723DE80A00043CD22 /* ThumbnailPlanetCollectionViewCell.swift */; };
		D5B307C824552AFD00535B73 /* InfoPlanetViewController.swift in Sources */ = {isa = PBXBuildFile; fileRef = D5B307C724552AFD00535B73 /* InfoPlanetViewController.swift */; };
		D5BA889B2454DCFE00F59386 /* ScenePlanetsViewController.swift in Sources */ = {isa = PBXBuildFile; fileRef = D5BA889A2454DCFE00F59386 /* ScenePlanetsViewController.swift */; };
		D5C805C8246635C500AC4DE3 /* SCNNode+extension.swift in Sources */ = {isa = PBXBuildFile; fileRef = D5C805C7246635C500AC4DE3 /* SCNNode+extension.swift */; };
		D5DDE47E2443F1BE004E4D54 /* Fonts.swift in Sources */ = {isa = PBXBuildFile; fileRef = D5DDE47D2443F1BE004E4D54 /* Fonts.swift */; };
		D5DDE47F2443F3DE004E4D54 /* Okomito-Black.otf in Resources */ = {isa = PBXBuildFile; fileRef = D5DDE47C2443F1A3004E4D54 /* Okomito-Black.otf */; };
		D5DDE4802443F3E1004E4D54 /* Okomito-Bold.ttf in Resources */ = {isa = PBXBuildFile; fileRef = D5DDE4782443F1A3004E4D54 /* Okomito-Bold.ttf */; };
		D5DDE4812443F3E3004E4D54 /* Okomito-Light.otf in Resources */ = {isa = PBXBuildFile; fileRef = D5DDE47B2443F1A3004E4D54 /* Okomito-Light.otf */; };
		D5DDE4822443F3E6004E4D54 /* Okomito-Medium.otf in Resources */ = {isa = PBXBuildFile; fileRef = D5DDE4772443F1A3004E4D54 /* Okomito-Medium.otf */; };
		D5DDE4832443F3E8004E4D54 /* Okomito-Regular.ttf in Resources */ = {isa = PBXBuildFile; fileRef = D5DDE47A2443F1A3004E4D54 /* Okomito-Regular.ttf */; };
		D5DFC982245BB1320065B1D3 /* UIView+extension.swift in Sources */ = {isa = PBXBuildFile; fileRef = D5DFC981245BB1320065B1D3 /* UIView+extension.swift */; };
		D5E01A932461A252008096EA /* InfoMoonCollectionViewCell.swift in Sources */ = {isa = PBXBuildFile; fileRef = D5E01A922461A252008096EA /* InfoMoonCollectionViewCell.swift */; };
		D5E78546245A766F009A4144 /* Animation.swift in Sources */ = {isa = PBXBuildFile; fileRef = D5E78545245A766F009A4144 /* Animation.swift */; };
		D5ED6CE72432878B00CE86AF /* UIColor+extension.swift in Sources */ = {isa = PBXBuildFile; fileRef = D5ED6CE62432878B00CE86AF /* UIColor+extension.swift */; };
		D5ED6CE92432A85500CE86AF /* Collection+extension.swift in Sources */ = {isa = PBXBuildFile; fileRef = D5ED6CE82432A85500CE86AF /* Collection+extension.swift */; };
		D5ED6CEC2432C2A000CE86AF /* UICollectionView+extension.swift in Sources */ = {isa = PBXBuildFile; fileRef = D5ED6CEB2432C2A000CE86AF /* UICollectionView+extension.swift */; };
/* End PBXBuildFile section */

/* Begin PBXFileReference section */
		D537CEFF245D15090020A38F /* InfoPlanetCollectionViewCells.swift */ = {isa = PBXFileReference; lastKnownFileType = sourcecode.swift; path = InfoPlanetCollectionViewCells.swift; sourceTree = "<group>"; };
		D54DA98A23442D02000046B2 /* Atlas Moons.app */ = {isa = PBXFileReference; explicitFileType = wrapper.application; includeInIndex = 0; path = "Atlas Moons.app"; sourceTree = BUILT_PRODUCTS_DIR; };
		D54DA98D23442D02000046B2 /* AppDelegate.swift */ = {isa = PBXFileReference; lastKnownFileType = sourcecode.swift; path = AppDelegate.swift; sourceTree = "<group>"; };
		D54DA98F23442D02000046B2 /* HomeViewController.swift */ = {isa = PBXFileReference; lastKnownFileType = sourcecode.swift; path = HomeViewController.swift; sourceTree = "<group>"; };
		D54DA99223442D02000046B2 /* Base */ = {isa = PBXFileReference; lastKnownFileType = file.storyboard; name = Base; path = Base.lproj/Main.storyboard; sourceTree = "<group>"; };
		D54DA99423442D04000046B2 /* Assets.xcassets */ = {isa = PBXFileReference; lastKnownFileType = folder.assetcatalog; path = Assets.xcassets; sourceTree = "<group>"; };
		D54DA99723442D04000046B2 /* Base */ = {isa = PBXFileReference; lastKnownFileType = file.storyboard; name = Base; path = Base.lproj/LaunchScreen.storyboard; sourceTree = "<group>"; };
		D54DA99923442D04000046B2 /* Info.plist */ = {isa = PBXFileReference; lastKnownFileType = text.plist.xml; path = Info.plist; sourceTree = "<group>"; };
		D55AA9D52454CAC200C6134C /* UILabel+extension.swift */ = {isa = PBXFileReference; lastKnownFileType = sourcecode.swift; path = "UILabel+extension.swift"; sourceTree = "<group>"; };
		D566147823628C40006B9925 /* ThumbnailPlanet.swift */ = {isa = PBXFileReference; lastKnownFileType = sourcecode.swift; path = ThumbnailPlanet.swift; sourceTree = "<group>"; };
		D566147A23628E28006B9925 /* Model.swift */ = {isa = PBXFileReference; lastKnownFileType = sourcecode.swift; path = Model.swift; sourceTree = "<group>"; };
		D58636DC246F291C00108C3E /* StartView.swift */ = {isa = PBXFileReference; lastKnownFileType = sourcecode.swift; path = StartView.swift; sourceTree = "<group>"; };
		D58D724223DE780E0043CD22 /* CircularCollectionViewLayout.swift */ = {isa = PBXFileReference; lastKnownFileType = sourcecode.swift; path = CircularCollectionViewLayout.swift; sourceTree = "<group>"; };
		D58D724523DE79990043CD22 /* CGFloat+extension.swift */ = {isa = PBXFileReference; lastKnownFileType = sourcecode.swift; path = "CGFloat+extension.swift"; sourceTree = "<group>"; };
		D58D724723DE80A00043CD22 /* ThumbnailPlanetCollectionViewCell.swift */ = {isa = PBXFileReference; lastKnownFileType = sourcecode.swift; path = ThumbnailPlanetCollectionViewCell.swift; sourceTree = "<group>"; };
		D5B307C724552AFD00535B73 /* InfoPlanetViewController.swift */ = {isa = PBXFileReference; lastKnownFileType = sourcecode.swift; path = InfoPlanetViewController.swift; sourceTree = "<group>"; };
		D5BA889A2454DCFE00F59386 /* ScenePlanetsViewController.swift */ = {isa = PBXFileReference; lastKnownFileType = sourcecode.swift; path = ScenePlanetsViewController.swift; sourceTree = "<group>"; };
		D5C805C7246635C500AC4DE3 /* SCNNode+extension.swift */ = {isa = PBXFileReference; lastKnownFileType = sourcecode.swift; path = "SCNNode+extension.swift"; sourceTree = "<group>"; };
		D5DDE4772443F1A3004E4D54 /* Okomito-Medium.otf */ = {isa = PBXFileReference; lastKnownFileType = file; path = "Okomito-Medium.otf"; sourceTree = "<group>"; };
		D5DDE4782443F1A3004E4D54 /* Okomito-Bold.ttf */ = {isa = PBXFileReference; lastKnownFileType = file; path = "Okomito-Bold.ttf"; sourceTree = "<group>"; };
		D5DDE47A2443F1A3004E4D54 /* Okomito-Regular.ttf */ = {isa = PBXFileReference; lastKnownFileType = file; path = "Okomito-Regular.ttf"; sourceTree = "<group>"; };
		D5DDE47B2443F1A3004E4D54 /* Okomito-Light.otf */ = {isa = PBXFileReference; lastKnownFileType = file; path = "Okomito-Light.otf"; sourceTree = "<group>"; };
		D5DDE47C2443F1A3004E4D54 /* Okomito-Black.otf */ = {isa = PBXFileReference; lastKnownFileType = file; path = "Okomito-Black.otf"; sourceTree = "<group>"; };
		D5DDE47D2443F1BE004E4D54 /* Fonts.swift */ = {isa = PBXFileReference; fileEncoding = 4; lastKnownFileType = sourcecode.swift; path = Fonts.swift; sourceTree = "<group>"; };
		D5DFC981245BB1320065B1D3 /* UIView+extension.swift */ = {isa = PBXFileReference; lastKnownFileType = sourcecode.swift; path = "UIView+extension.swift"; sourceTree = "<group>"; };
		D5E01A922461A252008096EA /* InfoMoonCollectionViewCell.swift */ = {isa = PBXFileReference; lastKnownFileType = sourcecode.swift; path = InfoMoonCollectionViewCell.swift; sourceTree = "<group>"; };
		D5E78545245A766F009A4144 /* Animation.swift */ = {isa = PBXFileReference; lastKnownFileType = sourcecode.swift; path = Animation.swift; sourceTree = "<group>"; };
		D5ED6CE62432878B00CE86AF /* UIColor+extension.swift */ = {isa = PBXFileReference; lastKnownFileType = sourcecode.swift; path = "UIColor+extension.swift"; sourceTree = "<group>"; };
		D5ED6CE82432A85500CE86AF /* Collection+extension.swift */ = {isa = PBXFileReference; lastKnownFileType = sourcecode.swift; path = "Collection+extension.swift"; sourceTree = "<group>"; };
		D5ED6CEB2432C2A000CE86AF /* UICollectionView+extension.swift */ = {isa = PBXFileReference; lastKnownFileType = sourcecode.swift; path = "UICollectionView+extension.swift"; sourceTree = "<group>"; };
/* End PBXFileReference section */

/* Begin PBXFrameworksBuildPhase section */
		D54DA98723442D02000046B2 /* Frameworks */ = {
			isa = PBXFrameworksBuildPhase;
			buildActionMask = 2147483647;
			files = (
			);
			runOnlyForDeploymentPostprocessing = 0;
		};
/* End PBXFrameworksBuildPhase section */

/* Begin PBXGroup section */
		D54DA98123442D02000046B2 = {
			isa = PBXGroup;
			children = (
				D54DA98C23442D02000046B2 /* Atlas Moons */,
				D54DA98B23442D02000046B2 /* Products */,
			);
			sourceTree = "<group>";
		};
		D54DA98B23442D02000046B2 /* Products */ = {
			isa = PBXGroup;
			children = (
				D54DA98A23442D02000046B2 /* Atlas Moons.app */,
			);
			name = Products;
			sourceTree = "<group>";
		};
		D54DA98C23442D02000046B2 /* Atlas Moons */ = {
			isa = PBXGroup;
			children = (
				D54DA99123442D02000046B2 /* Main.storyboard */,
				D54DA98F23442D02000046B2 /* HomeViewController.swift */,
				D5BA889A2454DCFE00F59386 /* ScenePlanetsViewController.swift */,
				D5B307C724552AFD00535B73 /* InfoPlanetViewController.swift */,
				D566147823628C40006B9925 /* ThumbnailPlanet.swift */,
				D58636DC246F291C00108C3E /* StartView.swift */,
				D5E01A912461A236008096EA /* Cells */,
				D5ED6CEA2432B17A00CE86AF /* Model */,
				D58D724423DE79170043CD22 /* Extension */,
				D54DA99F23442E01000046B2 /* Support */,
			);
			path = "Atlas Moons";
			sourceTree = "<group>";
		};
		D54DA99F23442E01000046B2 /* Support */ = {
			isa = PBXGroup;
			children = (
				D5DDE4752443F18E004E4D54 /* Resources */,
				D58D724223DE780E0043CD22 /* CircularCollectionViewLayout.swift */,
				D5E78545245A766F009A4144 /* Animation.swift */,
				D54DA98D23442D02000046B2 /* AppDelegate.swift */,
				D54DA99423442D04000046B2 /* Assets.xcassets */,
				D54DA99623442D04000046B2 /* LaunchScreen.storyboard */,
				D54DA99923442D04000046B2 /* Info.plist */,
			);
			path = Support;
			sourceTree = "<group>";
		};
		D58D724423DE79170043CD22 /* Extension */ = {
			isa = PBXGroup;
			children = (
				D58D724523DE79990043CD22 /* CGFloat+extension.swift */,
				D5ED6CE62432878B00CE86AF /* UIColor+extension.swift */,
				D5ED6CE82432A85500CE86AF /* Collection+extension.swift */,
				D5ED6CEB2432C2A000CE86AF /* UICollectionView+extension.swift */,
				D55AA9D52454CAC200C6134C /* UILabel+extension.swift */,
				D5DFC981245BB1320065B1D3 /* UIView+extension.swift */,
				D5C805C7246635C500AC4DE3 /* SCNNode+extension.swift */,
			);
			path = Extension;
			sourceTree = "<group>";
		};
		D5DDE4752443F18E004E4D54 /* Resources */ = {
			isa = PBXGroup;
			children = (
				D5DDE4762443F197004E4D54 /* Fonts */,
			);
			path = Resources;
			sourceTree = "<group>";
		};
		D5DDE4762443F197004E4D54 /* Fonts */ = {
			isa = PBXGroup;
			children = (
				D5DDE47D2443F1BE004E4D54 /* Fonts.swift */,
				D5DDE47C2443F1A3004E4D54 /* Okomito-Black.otf */,
				D5DDE4782443F1A3004E4D54 /* Okomito-Bold.ttf */,
				D5DDE47B2443F1A3004E4D54 /* Okomito-Light.otf */,
				D5DDE4772443F1A3004E4D54 /* Okomito-Medium.otf */,
				D5DDE47A2443F1A3004E4D54 /* Okomito-Regular.ttf */,
			);
			path = Fonts;
			sourceTree = "<group>";
		};
		D5E01A912461A236008096EA /* Cells */ = {
			isa = PBXGroup;
			children = (
				D58D724723DE80A00043CD22 /* ThumbnailPlanetCollectionViewCell.swift */,
				D537CEFF245D15090020A38F /* InfoPlanetCollectionViewCells.swift */,
				D5E01A922461A252008096EA /* InfoMoonCollectionViewCell.swift */,
			);
			path = Cells;
			sourceTree = "<group>";
		};
		D5ED6CEA2432B17A00CE86AF /* Model */ = {
			isa = PBXGroup;
			children = (
				D566147A23628E28006B9925 /* Model.swift */,
			);
			path = Model;
			sourceTree = "<group>";
		};
/* End PBXGroup section */

/* Begin PBXNativeTarget section */
		D54DA98923442D02000046B2 /* Atlas Moons */ = {
			isa = PBXNativeTarget;
			buildConfigurationList = D54DA99C23442D04000046B2 /* Build configuration list for PBXNativeTarget "Atlas Moons" */;
			buildPhases = (
				D54DA98623442D02000046B2 /* Sources */,
				D54DA98723442D02000046B2 /* Frameworks */,
				D54DA98823442D02000046B2 /* Resources */,
			);
			buildRules = (
			);
			dependencies = (
			);
			name = "Atlas Moons";
			productName = "Atlas Moons";
			productReference = D54DA98A23442D02000046B2 /* Atlas Moons.app */;
			productType = "com.apple.product-type.application";
		};
/* End PBXNativeTarget section */

/* Begin PBXProject section */
		D54DA98223442D02000046B2 /* Project object */ = {
			isa = PBXProject;
			attributes = {
				LastSwiftUpdateCheck = 1010;
				LastUpgradeCheck = 1010;
				ORGANIZATIONNAME = "Francisco Javier Delgado García";
				TargetAttributes = {
					D54DA98923442D02000046B2 = {
						CreatedOnToolsVersion = 10.1;
						LastSwiftMigration = 1110;
					};
				};
			};
			buildConfigurationList = D54DA98523442D02000046B2 /* Build configuration list for PBXProject "Atlas Moons" */;
			compatibilityVersion = "Xcode 9.3";
			developmentRegion = en;
			hasScannedForEncodings = 0;
			knownRegions = (
				en,
				Base,
			);
			mainGroup = D54DA98123442D02000046B2;
			productRefGroup = D54DA98B23442D02000046B2 /* Products */;
			projectDirPath = "";
			projectRoot = "";
			targets = (
				D54DA98923442D02000046B2 /* Atlas Moons */,
			);
		};
/* End PBXProject section */

/* Begin PBXResourcesBuildPhase section */
		D54DA98823442D02000046B2 /* Resources */ = {
			isa = PBXResourcesBuildPhase;
			buildActionMask = 2147483647;
			files = (
				D5DDE4832443F3E8004E4D54 /* Okomito-Regular.ttf in Resources */,
				D5DDE47F2443F3DE004E4D54 /* Okomito-Black.otf in Resources */,
				D54DA99823442D04000046B2 /* LaunchScreen.storyboard in Resources */,
				D5DDE4822443F3E6004E4D54 /* Okomito-Medium.otf in Resources */,
				D5DDE4802443F3E1004E4D54 /* Okomito-Bold.ttf in Resources */,
				D54DA99523442D04000046B2 /* Assets.xcassets in Resources */,
				D54DA99323442D02000046B2 /* Main.storyboard in Resources */,
				D5DDE4812443F3E3004E4D54 /* Okomito-Light.otf in Resources */,
			);
			runOnlyForDeploymentPostprocessing = 0;
		};
/* End PBXResourcesBuildPhase section */

/* Begin PBXSourcesBuildPhase section */
		D54DA98623442D02000046B2 /* Sources */ = {
			isa = PBXSourcesBuildPhase;
			buildActionMask = 2147483647;
			files = (
				D5ED6CEC2432C2A000CE86AF /* UICollectionView+extension.swift in Sources */,
				D566147923628C40006B9925 /* ThumbnailPlanet.swift in Sources */,
				D5DFC982245BB1320065B1D3 /* UIView+extension.swift in Sources */,
				D5C805C8246635C500AC4DE3 /* SCNNode+extension.swift in Sources */,
				D5ED6CE92432A85500CE86AF /* Collection+extension.swift in Sources */,
				D54DA99023442D02000046B2 /* HomeViewController.swift in Sources */,
				D58D724623DE79990043CD22 /* CGFloat+extension.swift in Sources */,
				D58D724823DE80A00043CD22 /* ThumbnailPlanetCollectionViewCell.swift in Sources */,
				D58D724323DE780E0043CD22 /* CircularCollectionViewLayout.swift in Sources */,
				D54DA98E23442D02000046B2 /* AppDelegate.swift in Sources */,
				D55AA9D62454CAC200C6134C /* UILabel+extension.swift in Sources */,
				D58636DD246F291C00108C3E /* StartView.swift in Sources */,
				D5DDE47E2443F1BE004E4D54 /* Fonts.swift in Sources */,
				D5B307C824552AFD00535B73 /* InfoPlanetViewController.swift in Sources */,
				D566147B23628E28006B9925 /* Model.swift in Sources */,
				D5BA889B2454DCFE00F59386 /* ScenePlanetsViewController.swift in Sources */,
				D5E01A932461A252008096EA /* InfoMoonCollectionViewCell.swift in Sources */,
				D5E78546245A766F009A4144 /* Animation.swift in Sources */,
				D537CF00245D15090020A38F /* InfoPlanetCollectionViewCells.swift in Sources */,
				D5ED6CE72432878B00CE86AF /* UIColor+extension.swift in Sources */,
			);
			runOnlyForDeploymentPostprocessing = 0;
		};
/* End PBXSourcesBuildPhase section */

/* Begin PBXVariantGroup section */
		D54DA99123442D02000046B2 /* Main.storyboard */ = {
			isa = PBXVariantGroup;
			children = (
				D54DA99223442D02000046B2 /* Base */,
			);
			name = Main.storyboard;
			sourceTree = "<group>";
		};
		D54DA99623442D04000046B2 /* LaunchScreen.storyboard */ = {
			isa = PBXVariantGroup;
			children = (
				D54DA99723442D04000046B2 /* Base */,
			);
			name = LaunchScreen.storyboard;
			sourceTree = "<group>";
		};
/* End PBXVariantGroup section */

/* Begin XCBuildConfiguration section */
		D54DA99A23442D04000046B2 /* Debug */ = {
			isa = XCBuildConfiguration;
			buildSettings = {
				ALWAYS_SEARCH_USER_PATHS = NO;
				CLANG_ANALYZER_NONNULL = YES;
				CLANG_ANALYZER_NUMBER_OBJECT_CONVERSION = YES_AGGRESSIVE;
				CLANG_CXX_LANGUAGE_STANDARD = "gnu++14";
				CLANG_CXX_LIBRARY = "libc++";
				CLANG_ENABLE_MODULES = YES;
				CLANG_ENABLE_OBJC_ARC = YES;
				CLANG_ENABLE_OBJC_WEAK = YES;
				CLANG_WARN_BLOCK_CAPTURE_AUTORELEASING = YES;
				CLANG_WARN_BOOL_CONVERSION = YES;
				CLANG_WARN_COMMA = YES;
				CLANG_WARN_CONSTANT_CONVERSION = YES;
				CLANG_WARN_DEPRECATED_OBJC_IMPLEMENTATIONS = YES;
				CLANG_WARN_DIRECT_OBJC_ISA_USAGE = YES_ERROR;
				CLANG_WARN_DOCUMENTATION_COMMENTS = YES;
				CLANG_WARN_EMPTY_BODY = YES;
				CLANG_WARN_ENUM_CONVERSION = YES;
				CLANG_WARN_INFINITE_RECURSION = YES;
				CLANG_WARN_INT_CONVERSION = YES;
				CLANG_WARN_NON_LITERAL_NULL_CONVERSION = YES;
				CLANG_WARN_OBJC_IMPLICIT_RETAIN_SELF = YES;
				CLANG_WARN_OBJC_LITERAL_CONVERSION = YES;
				CLANG_WARN_OBJC_ROOT_CLASS = YES_ERROR;
				CLANG_WARN_RANGE_LOOP_ANALYSIS = YES;
				CLANG_WARN_STRICT_PROTOTYPES = YES;
				CLANG_WARN_SUSPICIOUS_MOVE = YES;
				CLANG_WARN_UNGUARDED_AVAILABILITY = YES_AGGRESSIVE;
				CLANG_WARN_UNREACHABLE_CODE = YES;
				CLANG_WARN__DUPLICATE_METHOD_MATCH = YES;
				CODE_SIGN_IDENTITY = "iPhone Developer";
				COPY_PHASE_STRIP = NO;
				DEBUG_INFORMATION_FORMAT = dwarf;
				ENABLE_STRICT_OBJC_MSGSEND = YES;
				ENABLE_TESTABILITY = YES;
				GCC_C_LANGUAGE_STANDARD = gnu11;
				GCC_DYNAMIC_NO_PIC = NO;
				GCC_NO_COMMON_BLOCKS = YES;
				GCC_OPTIMIZATION_LEVEL = 0;
				GCC_PREPROCESSOR_DEFINITIONS = (
					"DEBUG=1",
					"$(inherited)",
				);
				GCC_WARN_64_TO_32_BIT_CONVERSION = YES;
				GCC_WARN_ABOUT_RETURN_TYPE = YES_ERROR;
				GCC_WARN_UNDECLARED_SELECTOR = YES;
				GCC_WARN_UNINITIALIZED_AUTOS = YES_AGGRESSIVE;
				GCC_WARN_UNUSED_FUNCTION = YES;
				GCC_WARN_UNUSED_VARIABLE = YES;
				IPHONEOS_DEPLOYMENT_TARGET = 12.1;
				MTL_ENABLE_DEBUG_INFO = INCLUDE_SOURCE;
				MTL_FAST_MATH = YES;
				ONLY_ACTIVE_ARCH = YES;
				SDKROOT = iphoneos;
				SWIFT_ACTIVE_COMPILATION_CONDITIONS = DEBUG;
				SWIFT_OPTIMIZATION_LEVEL = "-Onone";
			};
			name = Debug;
		};
		D54DA99B23442D04000046B2 /* Release */ = {
			isa = XCBuildConfiguration;
			buildSettings = {
				ALWAYS_SEARCH_USER_PATHS = NO;
				CLANG_ANALYZER_NONNULL = YES;
				CLANG_ANALYZER_NUMBER_OBJECT_CONVERSION = YES_AGGRESSIVE;
				CLANG_CXX_LANGUAGE_STANDARD = "gnu++14";
				CLANG_CXX_LIBRARY = "libc++";
				CLANG_ENABLE_MODULES = YES;
				CLANG_ENABLE_OBJC_ARC = YES;
				CLANG_ENABLE_OBJC_WEAK = YES;
				CLANG_WARN_BLOCK_CAPTURE_AUTORELEASING = YES;
				CLANG_WARN_BOOL_CONVERSION = YES;
				CLANG_WARN_COMMA = YES;
				CLANG_WARN_CONSTANT_CONVERSION = YES;
				CLANG_WARN_DEPRECATED_OBJC_IMPLEMENTATIONS = YES;
				CLANG_WARN_DIRECT_OBJC_ISA_USAGE = YES_ERROR;
				CLANG_WARN_DOCUMENTATION_COMMENTS = YES;
				CLANG_WARN_EMPTY_BODY = YES;
				CLANG_WARN_ENUM_CONVERSION = YES;
				CLANG_WARN_INFINITE_RECURSION = YES;
				CLANG_WARN_INT_CONVERSION = YES;
				CLANG_WARN_NON_LITERAL_NULL_CONVERSION = YES;
				CLANG_WARN_OBJC_IMPLICIT_RETAIN_SELF = YES;
				CLANG_WARN_OBJC_LITERAL_CONVERSION = YES;
				CLANG_WARN_OBJC_ROOT_CLASS = YES_ERROR;
				CLANG_WARN_RANGE_LOOP_ANALYSIS = YES;
				CLANG_WARN_STRICT_PROTOTYPES = YES;
				CLANG_WARN_SUSPICIOUS_MOVE = YES;
				CLANG_WARN_UNGUARDED_AVAILABILITY = YES_AGGRESSIVE;
				CLANG_WARN_UNREACHABLE_CODE = YES;
				CLANG_WARN__DUPLICATE_METHOD_MATCH = YES;
				CODE_SIGN_IDENTITY = "iPhone Developer";
				COPY_PHASE_STRIP = NO;
				DEBUG_INFORMATION_FORMAT = "dwarf-with-dsym";
				ENABLE_NS_ASSERTIONS = NO;
				ENABLE_STRICT_OBJC_MSGSEND = YES;
				GCC_C_LANGUAGE_STANDARD = gnu11;
				GCC_NO_COMMON_BLOCKS = YES;
				GCC_WARN_64_TO_32_BIT_CONVERSION = YES;
				GCC_WARN_ABOUT_RETURN_TYPE = YES_ERROR;
				GCC_WARN_UNDECLARED_SELECTOR = YES;
				GCC_WARN_UNINITIALIZED_AUTOS = YES_AGGRESSIVE;
				GCC_WARN_UNUSED_FUNCTION = YES;
				GCC_WARN_UNUSED_VARIABLE = YES;
				IPHONEOS_DEPLOYMENT_TARGET = 12.1;
				MTL_ENABLE_DEBUG_INFO = NO;
				MTL_FAST_MATH = YES;
				SDKROOT = iphoneos;
				SWIFT_COMPILATION_MODE = wholemodule;
				SWIFT_OPTIMIZATION_LEVEL = "-O";
				VALIDATE_PRODUCT = YES;
			};
			name = Release;
		};
		D54DA99D23442D04000046B2 /* Debug */ = {
			isa = XCBuildConfiguration;
			buildSettings = {
				ASSETCATALOG_COMPILER_APPICON_NAME = AppIcon;
				CODE_SIGN_STYLE = Automatic;
				DEVELOPMENT_TEAM = 6WM7578AZR;
				INFOPLIST_FILE = "Atlas Moons/Support/Info.plist";
				IPHONEOS_DEPLOYMENT_TARGET = 11.0;
				LD_RUNPATH_SEARCH_PATHS = (
					"$(inherited)",
					"@executable_path/Frameworks",
				);
				PRODUCT_BUNDLE_IDENTIFIER = "com.francisco.com.Atlas-Moons";
				PRODUCT_NAME = "$(TARGET_NAME)";
				SWIFT_VERSION = 5.0;
				TARGETED_DEVICE_FAMILY = "1,2";
			};
			name = Debug;
		};
		D54DA99E23442D04000046B2 /* Release */ = {
			isa = XCBuildConfiguration;
			buildSettings = {
				ASSETCATALOG_COMPILER_APPICON_NAME = AppIcon;
				CODE_SIGN_STYLE = Automatic;
				DEVELOPMENT_TEAM = 6WM7578AZR;
				INFOPLIST_FILE = "Atlas Moons/Support/Info.plist";
				IPHONEOS_DEPLOYMENT_TARGET = 11.0;
				LD_RUNPATH_SEARCH_PATHS = (
					"$(inherited)",
					"@executable_path/Frameworks",
				);
				PRODUCT_BUNDLE_IDENTIFIER = "com.francisco.com.Atlas-Moons";
				PRODUCT_NAME = "$(TARGET_NAME)";
				SWIFT_VERSION = 5.0;
				TARGETED_DEVICE_FAMILY = "1,2";
			};
			name = Release;
		};
/* End XCBuildConfiguration section */

/* Begin XCConfigurationList section */
		D54DA98523442D02000046B2 /* Build configuration list for PBXProject "Atlas Moons" */ = {
			isa = XCConfigurationList;
			buildConfigurations = (
				D54DA99A23442D04000046B2 /* Debug */,
				D54DA99B23442D04000046B2 /* Release */,
			);
			defaultConfigurationIsVisible = 0;
			defaultConfigurationName = Release;
		};
		D54DA99C23442D04000046B2 /* Build configuration list for PBXNativeTarget "Atlas Moons" */ = {
			isa = XCConfigurationList;
			buildConfigurations = (
				D54DA99D23442D04000046B2 /* Debug */,
				D54DA99E23442D04000046B2 /* Release */,
			);
			defaultConfigurationIsVisible = 0;
			defaultConfigurationName = Release;
		};
/* End XCConfigurationList section */
	};
	rootObject = D54DA98223442D02000046B2 /* Project object */;
}
